
Microsoft Visual Studio Solution File, Format Version 12.00
# Visual Studio 15
VisualStudioVersion = 15.0.28307.779
MinimumVisualStudioVersion = 10.0.40219.1
Project("{159641D6-6404-4A2A-AE62-294DE0FE8301}") = "sbmcguirePopulateCalendar", "sbmcguirePopulateCalendar\sbmcguirePopulateCalendar.dtproj", "{E07ECB04-D34E-4E73-87EA-7325B597A3B4}"
EndProject
Global
	GlobalSection(SolutionConfigurationPlatforms) = preSolution
		Development|Default = Development|Default
	EndGlobalSection
	GlobalSection(ProjectConfigurationPlatforms) = postSolution
		{E07ECB04-D34E-4E73-87EA-7325B597A3B4}.Development|Default.ActiveCfg = Development
		{E07ECB04-D34E-4E73-87EA-7325B597A3B4}.Development|Default.Build.0 = Development
	EndGlobalSection
	GlobalSection(SolutionProperties) = preSolution
		HideSolutionNode = FALSE
	EndGlobalSection
	GlobalSection(ExtensibilityGlobals) = postSolution
		SolutionGuid = {70701AF7-B3FB-4EF3-9074-1B3A0C66892F}
	EndGlobalSection
EndGlobal
